// !$*UTF8*$!
{
	archiveVersion = 1;
	classes = {
	};
	objectVersion = 46;
	objects = {

/* Begin PBXBuildFile section */
		5B7B028F21FEB28000486093 /* libSoundlinksSDK.a in Frameworks */ = {isa = PBXBuildFile; fileRef = 5B7B028E21FEB28000486093 /* libSoundlinksSDK.a */; };
		BF47CC5F1EFB89F800469EC4 /* main.m in Sources */ = {isa = PBXBuildFile; fileRef = BF47CC5E1EFB89F800469EC4 /* main.m */; };
		BF47CC621EFB89F800469EC4 /* AppDelegate.m in Sources */ = {isa = PBXBuildFile; fileRef = BF47CC611EFB89F800469EC4 /* AppDelegate.m */; };
		BF47CC651EFB89F800469EC4 /* ViewController.m in Sources */ = {isa = PBXBuildFile; fileRef = BF47CC641EFB89F800469EC4 /* ViewController.m */; };
		BF47CC681EFB89F800469EC4 /* Main.storyboard in Resources */ = {isa = PBXBuildFile; fileRef = BF47CC661EFB89F800469EC4 /* Main.storyboard */; };
		BF47CC6A1EFB89F800469EC4 /* Assets.xcassets in Resources */ = {isa = PBXBuildFile; fileRef = BF47CC691EFB89F800469EC4 /* Assets.xcassets */; };
		BF47CC6D1EFB89F800469EC4 /* LaunchScreen.storyboard in Resources */ = {isa = PBXBuildFile; fileRef = BF47CC6B1EFB89F800469EC4 /* LaunchScreen.storyboard */; };
/* End PBXBuildFile section */

/* Begin PBXFileReference section */
		5B1FF37821FEB04600B21E59 /* SLNeoRecognizer.h */ = {isa = PBXFileReference; fileEncoding = 4; lastKnownFileType = sourcecode.c.h; path = SLNeoRecognizer.h; sourceTree = "<group>"; };
		5B7B028E21FEB28000486093 /* libSoundlinksSDK.a */ = {isa = PBXFileReference; lastKnownFileType = archive.ar; path = libSoundlinksSDK.a; sourceTree = "<group>"; };
		BF47CC5A1EFB89F800469EC4 /* SoundlinksSDKExample.app */ = {isa = PBXFileReference; explicitFileType = wrapper.application; includeInIndex = 0; path = SoundlinksSDKExample.app; sourceTree = BUILT_PRODUCTS_DIR; };
		BF47CC5E1EFB89F800469EC4 /* main.m */ = {isa = PBXFileReference; lastKnownFileType = sourcecode.c.objc; path = main.m; sourceTree = "<group>"; };
		BF47CC601EFB89F800469EC4 /* AppDelegate.h */ = {isa = PBXFileReference; lastKnownFileType = sourcecode.c.h; path = AppDelegate.h; sourceTree = "<group>"; };
		BF47CC611EFB89F800469EC4 /* AppDelegate.m */ = {isa = PBXFileReference; lastKnownFileType = sourcecode.c.objc; path = AppDelegate.m; sourceTree = "<group>"; };
		BF47CC631EFB89F800469EC4 /* ViewController.h */ = {isa = PBXFileReference; lastKnownFileType = sourcecode.c.h; path = ViewController.h; sourceTree = "<group>"; };
		BF47CC641EFB89F800469EC4 /* ViewController.m */ = {isa = PBXFileReference; lastKnownFileType = sourcecode.c.objc; path = ViewController.m; sourceTree = "<group>"; };
		BF47CC671EFB89F800469EC4 /* Base */ = {isa = PBXFileReference; lastKnownFileType = file.storyboard; name = Base; path = Base.lproj/Main.storyboard; sourceTree = "<group>"; };
		BF47CC691EFB89F800469EC4 /* Assets.xcassets */ = {isa = PBXFileReference; lastKnownFileType = folder.assetcatalog; path = Assets.xcassets; sourceTree = "<group>"; };
		BF47CC6C1EFB89F800469EC4 /* Base */ = {isa = PBXFileReference; lastKnownFileType = file.storyboard; name = Base; path = Base.lproj/LaunchScreen.storyboard; sourceTree = "<group>"; };
		BF47CC6E1EFB89F800469EC4 /* Info.plist */ = {isa = PBXFileReference; lastKnownFileType = text.plist.xml; path = Info.plist; sourceTree = "<group>"; };
/* End PBXFileReference section */

/* Begin PBXFrameworksBuildPhase section */
		BF47CC571EFB89F800469EC4 /* Frameworks */ = {
			isa = PBXFrameworksBuildPhase;
			buildActionMask = 2147483647;
			files = (
				5B7B028F21FEB28000486093 /* libSoundlinksSDK.a in Frameworks */,
			);
			runOnlyForDeploymentPostprocessing = 0;
		};
/* End PBXFrameworksBuildPhase section */

/* Begin PBXGroup section */
		BF47CC511EFB89F800469EC4 = {
			isa = PBXGroup;
			children = (
				BF47CC5C1EFB89F800469EC4 /* SoundlinksSDKExample */,
				BF47CC5B1EFB89F800469EC4 /* Products */,
			);
			sourceTree = "<group>";
		};
		BF47CC5B1EFB89F800469EC4 /* Products */ = {
			isa = PBXGroup;
			children = (
				BF47CC5A1EFB89F800469EC4 /* SoundlinksSDKExample.app */,
			);
			name = Products;
			sourceTree = "<group>";
		};
		BF47CC5C1EFB89F800469EC4 /* SoundlinksSDKExample */ = {
			isa = PBXGroup;
			children = (
				BF47CC601EFB89F800469EC4 /* AppDelegate.h */,
				BF47CC611EFB89F800469EC4 /* AppDelegate.m */,
				BF47CC631EFB89F800469EC4 /* ViewController.h */,
				BF47CC641EFB89F800469EC4 /* ViewController.m */,
				BF47CC661EFB89F800469EC4 /* Main.storyboard */,
				BF47CC691EFB89F800469EC4 /* Assets.xcassets */,
				BF47CC6B1EFB89F800469EC4 /* LaunchScreen.storyboard */,
				BF47CC6E1EFB89F800469EC4 /* Info.plist */,
				BF47CC741EFB8A3500469EC4 /* SoundlinksSDK */,
				BF47CC5D1EFB89F800469EC4 /* Supporting Files */,
			);
			path = SoundlinksSDKExample;
			sourceTree = "<group>";
		};
		BF47CC5D1EFB89F800469EC4 /* Supporting Files */ = {
			isa = PBXGroup;
			children = (
				BF47CC5E1EFB89F800469EC4 /* main.m */,
			);
			name = "Supporting Files";
			sourceTree = "<group>";
		};
		BF47CC741EFB8A3500469EC4 /* SoundlinksSDK */ = {
			isa = PBXGroup;
			children = (
				5B1FF37821FEB04600B21E59 /* SLNeoRecognizer.h */,
				5B7B028E21FEB28000486093 /* libSoundlinksSDK.a */,
			);
			path = SoundlinksSDK;
			sourceTree = "<group>";
		};
/* End PBXGroup section */

/* Begin PBXNativeTarget section */
		BF47CC591EFB89F800469EC4 /* SoundlinksSDKExample */ = {
			isa = PBXNativeTarget;
			buildConfigurationList = BF47CC711EFB89F800469EC4 /* Build configuration list for PBXNativeTarget "SoundlinksSDKExample" */;
			buildPhases = (
				BF47CC561EFB89F800469EC4 /* Sources */,
				BF47CC571EFB89F800469EC4 /* Frameworks */,
				BF47CC581EFB89F800469EC4 /* Resources */,
			);
			buildRules = (
			);
			dependencies = (
			);
			name = SoundlinksSDKExample;
			productName = SoundlinksSDKExample;
			productReference = BF47CC5A1EFB89F800469EC4 /* SoundlinksSDKExample.app */;
			productType = "com.apple.product-type.application";
		};
/* End PBXNativeTarget section */

/* Begin PBXProject section */
		BF47CC521EFB89F800469EC4 /* Project object */ = {
			isa = PBXProject;
			attributes = {
				LastUpgradeCheck = 0830;
				ORGANIZATIONNAME = Soundlinks;
				TargetAttributes = {
					BF47CC591EFB89F800469EC4 = {
						CreatedOnToolsVersion = 8.3.3;
						DevelopmentTeam = 9Q35B5F552;
						ProvisioningStyle = Automatic;
					};
				};
			};
			buildConfigurationList = BF47CC551EFB89F800469EC4 /* Build configuration list for PBXProject "SoundlinksSDKExample" */;
			compatibilityVersion = "Xcode 3.2";
			developmentRegion = English;
			hasScannedForEncodings = 0;
			knownRegions = (
				en,
				Base,
			);
			mainGroup = BF47CC511EFB89F800469EC4;
			productRefGroup = BF47CC5B1EFB89F800469EC4 /* Products */;
			projectDirPath = "";
			projectRoot = "";
			targets = (
				BF47CC591EFB89F800469EC4 /* SoundlinksSDKExample */,
			);
		};
/* End PBXProject section */

/* Begin PBXResourcesBuildPhase section */
		BF47CC581EFB89F800469EC4 /* Resources */ = {
			isa = PBXResourcesBuildPhase;
			buildActionMask = 2147483647;
			files = (
				BF47CC6D1EFB89F800469EC4 /* LaunchScreen.storyboard in Resources */,
				BF47CC6A1EFB89F800469EC4 /* Assets.xcassets in Resources */,
				BF47CC681EFB89F800469EC4 /* Main.storyboard in Resources */,
			);
			runOnlyForDeploymentPostprocessing = 0;
		};
/* End PBXResourcesBuildPhase section */

/* Begin PBXSourcesBuildPhase section */
		BF47CC561EFB89F800469EC4 /* Sources */ = {
			isa = PBXSourcesBuildPhase;
			buildActionMask = 2147483647;
			files = (
				BF47CC651EFB89F800469EC4 /* ViewController.m in Sources */,
				BF47CC621EFB89F800469EC4 /* AppDelegate.m in Sources */,
				BF47CC5F1EFB89F800469EC4 /* main.m in Sources */,
			);
			runOnlyForDeploymentPostprocessing = 0;
		};
/* End PBXSourcesBuildPhase section */

/* Begin PBXVariantGroup section */
		BF47CC661EFB89F800469EC4 /* Main.storyboard */ = {
			isa = PBXVariantGroup;
			children = (
				BF47CC671EFB89F800469EC4 /* Base */,
			);
			name = Main.storyboard;
			sourceTree = "<group>";
		};
		BF47CC6B1EFB89F800469EC4 /* LaunchScreen.storyboard */ = {
			isa = PBXVariantGroup;
			children = (
				BF47CC6C1EFB89F800469EC4 /* Base */,
			);
			name = LaunchScreen.storyboard;
			sourceTree = "<group>";
		};
/* End PBXVariantGroup section */

/* Begin XCBuildConfiguration section */
		BF47CC6F1EFB89F800469EC4 /* Debug */ = {
			isa = XCBuildConfiguration;
			buildSettings = {
				ALWAYS_SEARCH_USER_PATHS = NO;
				CLANG_ANALYZER_NONNULL = YES;
				CLANG_ANALYZER_NUMBER_OBJECT_CONVERSION = YES_AGGRESSIVE;
				CLANG_CXX_LANGUAGE_STANDARD = "gnu++0x";
				CLANG_CXX_LIBRARY = "libc++";
				CLANG_ENABLE_MODULES = YES;
				CLANG_ENABLE_OBJC_ARC = YES;
				CLANG_WARN_BOOL_CONVERSION = YES;
				CLANG_WARN_CONSTANT_CONVERSION = YES;
				CLANG_WARN_DIRECT_OBJC_ISA_USAGE = YES_ERROR;
				CLANG_WARN_DOCUMENTATION_COMMENTS = YES;
				CLANG_WARN_EMPTY_BODY = YES;
				CLANG_WARN_ENUM_CONVERSION = YES;
				CLANG_WARN_INFINITE_RECURSION = YES;
				CLANG_WARN_INT_CONVERSION = YES;
				CLANG_WARN_OBJC_ROOT_CLASS = YES_ERROR;
				CLANG_WARN_SUSPICIOUS_MOVE = YES;
				CLANG_WARN_UNREACHABLE_CODE = YES;
				CLANG_WARN__DUPLICATE_METHOD_MATCH = YES;
				"CODE_SIGN_IDENTITY[sdk=iphoneos*]" = "iPhone Developer";
				COPY_PHASE_STRIP = NO;
				DEBUG_INFORMATION_FORMAT = dwarf;
				ENABLE_STRICT_OBJC_MSGSEND = YES;
				ENABLE_TESTABILITY = YES;
				GCC_C_LANGUAGE_STANDARD = gnu99;
				GCC_DYNAMIC_NO_PIC = NO;
				GCC_NO_COMMON_BLOCKS = YES;
				GCC_OPTIMIZATION_LEVEL = 0;
				GCC_PREPROCESSOR_DEFINITIONS = (
					"DEBUG=1",
					"$(inherited)",
				);
				GCC_WARN_64_TO_32_BIT_CONVERSION = YES;
				GCC_WARN_ABOUT_RETURN_TYPE = YES_ERROR;
				GCC_WARN_UNDECLARED_SELECTOR = YES;
				GCC_WARN_UNINITIALIZED_AUTOS = YES_AGGRESSIVE;
				GCC_WARN_UNUSED_FUNCTION = YES;
				GCC_WARN_UNUSED_VARIABLE = YES;
				IPHONEOS_DEPLOYMENT_TARGET = 10.3;
				MTL_ENABLE_DEBUG_INFO = YES;
				ONLY_ACTIVE_ARCH = YES;
				SDKROOT = iphoneos;
			};
			name = Debug;
		};
		BF47CC701EFB89F800469EC4 /* Release */ = {
			isa = XCBuildConfiguration;
			buildSettings = {
				ALWAYS_SEARCH_USER_PATHS = NO;
				CLANG_ANALYZER_NONNULL = YES;
				CLANG_ANALYZER_NUMBER_OBJECT_CONVERSION = YES_AGGRESSIVE;
				CLANG_CXX_LANGUAGE_STANDARD = "gnu++0x";
				CLANG_CXX_LIBRARY = "libc++";
				CLANG_ENABLE_MODULES = YES;
				CLANG_ENABLE_OBJC_ARC = YES;
				CLANG_WARN_BOOL_CONVERSION = YES;
				CLANG_WARN_CONSTANT_CONVERSION = YES;
				CLANG_WARN_DIRECT_OBJC_ISA_USAGE = YES_ERROR;
				CLANG_WARN_DOCUMENTATION_COMMENTS = YES;
				CLANG_WARN_EMPTY_BODY = YES;
				CLANG_WARN_ENUM_CONVERSION = YES;
				CLANG_WARN_INFINITE_RECURSION = YES;
				CLANG_WARN_INT_CONVERSION = YES;
				CLANG_WARN_OBJC_ROOT_CLASS = YES_ERROR;
				CLANG_WARN_SUSPICIOUS_MOVE = YES;
				CLANG_WARN_UNREACHABLE_CODE = YES;
				CLANG_WARN__DUPLICATE_METHOD_MATCH = YES;
				"CODE_SIGN_IDENTITY[sdk=iphoneos*]" = "iPhone Developer";
				COPY_PHASE_STRIP = NO;
				DEBUG_INFORMATION_FORMAT = "dwarf-with-dsym";
				ENABLE_NS_ASSERTIONS = NO;
				ENABLE_STRICT_OBJC_MSGSEND = YES;
				GCC_C_LANGUAGE_STANDARD = gnu99;
				GCC_NO_COMMON_BLOCKS = YES;
				GCC_WARN_64_TO_32_BIT_CONVERSION = YES;
				GCC_WARN_ABOUT_RETURN_TYPE = YES_ERROR;
				GCC_WARN_UNDECLARED_SELECTOR = YES;
				GCC_WARN_UNINITIALIZED_AUTOS = YES_AGGRESSIVE;
				GCC_WARN_UNUSED_FUNCTION = YES;
				GCC_WARN_UNUSED_VARIABLE = YES;
				IPHONEOS_DEPLOYMENT_TARGET = 10.3;
				MTL_ENABLE_DEBUG_INFO = NO;
				SDKROOT = iphoneos;
				VALIDATE_PRODUCT = YES;
			};
			name = Release;
		};
		BF47CC721EFB89F800469EC4 /* Debug */ = {
			isa = XCBuildConfiguration;
			buildSettings = {
				ASSETCATALOG_COMPILER_APPICON_NAME = AppIcon;
				DEVELOPMENT_TEAM = 9Q35B5F552;
				INFOPLIST_FILE = SoundlinksSDKExample/Info.plist;
				LD_RUNPATH_SEARCH_PATHS = "$(inherited) @executable_path/Frameworks";
				LIBRARY_SEARCH_PATHS = (
					"$(inherited)",
					"$(PROJECT_DIR)/SoundlinksSDKExample/SoundlinksSDK",
				);
				PRODUCT_BUNDLE_IDENTIFIER = net.soundlinks.SoundlinksSDKExample;
				PRODUCT_NAME = "$(TARGET_NAME)";
			};
			name = Debug;
		};
		BF47CC731EFB89F800469EC4 /* Release */ = {
			isa = XCBuildConfiguration;
			buildSettings = {
				ASSETCATALOG_COMPILER_APPICON_NAME = AppIcon;
				DEVELOPMENT_TEAM = 9Q35B5F552;
				INFOPLIST_FILE = SoundlinksSDKExample/Info.plist;
				LD_RUNPATH_SEARCH_PATHS = "$(inherited) @executable_path/Frameworks";
				LIBRARY_SEARCH_PATHS = (
					"$(inherited)",
					"$(PROJECT_DIR)/SoundlinksSDKExample/SoundlinksSDK",
				);
				PRODUCT_BUNDLE_IDENTIFIER = net.soundlinks.SoundlinksSDKExample;
				PRODUCT_NAME = "$(TARGET_NAME)";
			};
			name = Release;
		};
/* End XCBuildConfiguration section */

/* Begin XCConfigurationList section */
		BF47CC551EFB89F800469EC4 /* Build configuration list for PBXProject "SoundlinksSDKExample" */ = {
			isa = XCConfigurationList;
			buildConfigurations = (
				BF47CC6F1EFB89F800469EC4 /* Debug */,
				BF47CC701EFB89F800469EC4 /* Release */,
			);
			defaultConfigurationIsVisible = 0;
			defaultConfigurationName = Release;
		};
		BF47CC711EFB89F800469EC4 /* Build configuration list for PBXNativeTarget "SoundlinksSDKExample" */ = {
			isa = XCConfigurationList;
			buildConfigurations = (
				BF47CC721EFB89F800469EC4 /* Debug */,
				BF47CC731EFB89F800469EC4 /* Release */,
			);
			defaultConfigurationIsVisible = 0;
			defaultConfigurationName = Release;
		};
/* End XCConfigurationList section */
	};
	rootObject = BF47CC521EFB89F800469EC4 /* Project object */;
}
